
Microsoft Visual Studio Solution File, Format Version 12.00
# Visual Studio Version 16
VisualStudioVersion = 25.0.1706.14
MinimumVisualStudioVersion = 10.0.40219.1
Project("{FAE04EC0-301F-11D3-BF4B-00C04F79EFBC}") = "lab2_1", "lab2_1\lab2_1.csproj", "{C867B9B8-FF0C-450C-8B6C-BA2129454101}"
EndProject
Global
	GlobalSection(SolutionConfigurationPlatforms) = preSolution
		Debug|Any CPU = Debug|Any CPU
		Release|Any CPU = Release|Any CPU
	EndGlobalSection
	GlobalSection(ProjectConfigurationPlatforms) = postSolution
		{C867B9B8-FF0C-450C-8B6C-BA2129454101}.Debug|Any CPU.ActiveCfg = Debug|Any CPU
		{C867B9B8-FF0C-450C-8B6C-BA2129454101}.Debug|Any CPU.Build.0 = Debug|Any CPU
		{C867B9B8-FF0C-450C-8B6C-BA2129454101}.Release|Any CPU.ActiveCfg = Release|Any CPU
		{C867B9B8-FF0C-450C-8B6C-BA2129454101}.Release|Any CPU.Build.0 = Release|Any CPU
	EndGlobalSection
	GlobalSection(SolutionProperties) = preSolution
		HideSolutionNode = FALSE
	EndGlobalSection
	GlobalSection(ExtensibilityGlobals) = postSolution
		SolutionGuid = {6A9F6036-549A-4228-86BF-D6870F546CB3}
	EndGlobalSection
EndGlobal
